
Microsoft Visual Studio Solution File, Format Version 12.00
# Visual Studio 14
VisualStudioVersion = 14.0.25420.1
MinimumVisualStudioVersion = 10.0.40219.1
Project("{2150E333-8FDC-42A3-9474-1A3956D46DE8}") = "app", "app", "{C9BB4B8D-D2CC-469C-848F-74F9A9988D7A}"
EndProject
Project("{FAE04EC0-301F-11D3-BF4B-00C04F79EFBC}") = "TestCenter.Xamarin", "app\TestCenter.Xamarin\TestCenter.Xamarin\TestCenter.Xamarin.csproj", "{4A0ED2C1-0D5D-4EE4-ACED-D6D80D224123}"
EndProject
Project("{FAE04EC0-301F-11D3-BF4B-00C04F79EFBC}") = "TestCenter.Xamarin.Droid", "app\TestCenter.Xamarin\TestCenter.Xamarin.Droid\TestCenter.Xamarin.Droid.csproj", "{D8AF4243-4601-44CE-B940-780325B3382F}"
EndProject
Project("{FAE04EC0-301F-11D3-BF4B-00C04F79EFBC}") = "TestCenter.Xamarin.iOS", "app\TestCenter.Xamarin\TestCenter.Xamarin.iOS\TestCenter.Xamarin.iOS.csproj", "{9ED90771-145E-41D8-AADA-981B24F2848F}"
EndProject
Project("{FAE04EC0-301F-11D3-BF4B-00C04F79EFBC}") = "TestCenter.Xamarin.WinPhone", "app\TestCenter.Xamarin\TestCenter.Xamarin.WinPhone\TestCenter.Xamarin.WinPhone.csproj", "{5828A88F-F374-423C-8E53-53FFCEA2EA99}"
EndProject
Project("{FAE04EC0-301F-11D3-BF4B-00C04F79EFBC}") = "TestCenter.Xamarin.Windows", "app\TestCenter.Xamarin\TestCenter.Xamarin.Windows\TestCenter.Xamarin.Windows.csproj", "{8355B1D6-4C93-461A-B356-D6D6379338A0}"
EndProject
Global
	GlobalSection(SolutionConfigurationPlatforms) = preSolution
		Ad-Hoc|Any CPU = Ad-Hoc|Any CPU
		Ad-Hoc|ARM = Ad-Hoc|ARM
		Ad-Hoc|iPhone = Ad-Hoc|iPhone
		Ad-Hoc|iPhoneSimulator = Ad-Hoc|iPhoneSimulator
		Ad-Hoc|x64 = Ad-Hoc|x64
		Ad-Hoc|x86 = Ad-Hoc|x86
		AppStore|Any CPU = AppStore|Any CPU
		AppStore|ARM = AppStore|ARM
		AppStore|iPhone = AppStore|iPhone
		AppStore|iPhoneSimulator = AppStore|iPhoneSimulator
		AppStore|x64 = AppStore|x64
		AppStore|x86 = AppStore|x86
		Debug|Any CPU = Debug|Any CPU
		Debug|ARM = Debug|ARM
		Debug|iPhone = Debug|iPhone
		Debug|iPhoneSimulator = Debug|iPhoneSimulator
		Debug|x64 = Debug|x64
		Debug|x86 = Debug|x86
		Release|Any CPU = Release|Any CPU
		Release|ARM = Release|ARM
		Release|iPhone = Release|iPhone
		Release|iPhoneSimulator = Release|iPhoneSimulator
		Release|x64 = Release|x64
		Release|x86 = Release|x86
	EndGlobalSection
	GlobalSection(ProjectConfigurationPlatforms) = postSolution
		{4A0ED2C1-0D5D-4EE4-ACED-D6D80D224123}.Ad-Hoc|Any CPU.ActiveCfg = Release|Any CPU
		{4A0ED2C1-0D5D-4EE4-ACED-D6D80D224123}.Ad-Hoc|Any CPU.Build.0 = Release|Any CPU
		{4A0ED2C1-0D5D-4EE4-ACED-D6D80D224123}.Ad-Hoc|ARM.ActiveCfg = Release|Any CPU
		{4A0ED2C1-0D5D-4EE4-ACED-D6D80D224123}.Ad-Hoc|ARM.Build.0 = Release|Any CPU
		{4A0ED2C1-0D5D-4EE4-ACED-D6D80D224123}.Ad-Hoc|iPhone.ActiveCfg = Release|Any CPU
		{4A0ED2C1-0D5D-4EE4-ACED-D6D80D224123}.Ad-Hoc|iPhone.Build.0 = Release|Any CPU
		{4A0ED2C1-0D5D-4EE4-ACED-D6D80D224123}.Ad-Hoc|iPhoneSimulator.ActiveCfg = Release|Any CPU
		{4A0ED2C1-0D5D-4EE4-ACED-D6D80D224123}.Ad-Hoc|iPhoneSimulator.Build.0 = Release|Any CPU
		{4A0ED2C1-0D5D-4EE4-ACED-D6D80D224123}.Ad-Hoc|x64.ActiveCfg = Release|Any CPU
		{4A0ED2C1-0D5D-4EE4-ACED-D6D80D224123}.Ad-Hoc|x64.Build.0 = Release|Any CPU
		{4A0ED2C1-0D5D-4EE4-ACED-D6D80D224123}.Ad-Hoc|x86.ActiveCfg = Release|Any CPU
		{4A0ED2C1-0D5D-4EE4-ACED-D6D80D224123}.Ad-Hoc|x86.Build.0 = Release|Any CPU
		{4A0ED2C1-0D5D-4EE4-ACED-D6D80D224123}.AppStore|Any CPU.ActiveCfg = Release|Any CPU
		{4A0ED2C1-0D5D-4EE4-ACED-D6D80D224123}.AppStore|Any CPU.Build.0 = Release|Any CPU
		{4A0ED2C1-0D5D-4EE4-ACED-D6D80D224123}.AppStore|ARM.ActiveCfg = Release|Any CPU
		{4A0ED2C1-0D5D-4EE4-ACED-D6D80D224123}.AppStore|ARM.Build.0 = Release|Any CPU
		{4A0ED2C1-0D5D-4EE4-ACED-D6D80D224123}.AppStore|iPhone.ActiveCfg = Release|Any CPU
		{4A0ED2C1-0D5D-4EE4-ACED-D6D80D224123}.AppStore|iPhone.Build.0 = Release|Any CPU
		{4A0ED2C1-0D5D-4EE4-ACED-D6D80D224123}.AppStore|iPhoneSimulator.ActiveCfg = Release|Any CPU
		{4A0ED2C1-0D5D-4EE4-ACED-D6D80D224123}.AppStore|iPhoneSimulator.Build.0 = Release|Any CPU
		{4A0ED2C1-0D5D-4EE4-ACED-D6D80D224123}.AppStore|x64.ActiveCfg = Release|Any CPU
		{4A0ED2C1-0D5D-4EE4-ACED-D6D80D224123}.AppStore|x64.Build.0 = Release|Any CPU
		{4A0ED2C1-0D5D-4EE4-ACED-D6D80D224123}.AppStore|x86.ActiveCfg = Release|Any CPU
		{4A0ED2C1-0D5D-4EE4-ACED-D6D80D224123}.AppStore|x86.Build.0 = Release|Any CPU
		{4A0ED2C1-0D5D-4EE4-ACED-D6D80D224123}.Debug|Any CPU.ActiveCfg = Debug|Any CPU
		{4A0ED2C1-0D5D-4EE4-ACED-D6D80D224123}.Debug|Any CPU.Build.0 = Debug|Any CPU
		{4A0ED2C1-0D5D-4EE4-ACED-D6D80D224123}.Debug|ARM.ActiveCfg = Debug|Any CPU
		{4A0ED2C1-0D5D-4EE4-ACED-D6D80D224123}.Debug|ARM.Build.0 = Debug|Any CPU
		{4A0ED2C1-0D5D-4EE4-ACED-D6D80D224123}.Debug|iPhone.ActiveCfg = Debug|Any CPU
		{4A0ED2C1-0D5D-4EE4-ACED-D6D80D224123}.Debug|iPhone.Build.0 = Debug|Any CPU
		{4A0ED2C1-0D5D-4EE4-ACED-D6D80D224123}.Debug|iPhoneSimulator.ActiveCfg = Debug|Any CPU
		{4A0ED2C1-0D5D-4EE4-ACED-D6D80D224123}.Debug|iPhoneSimulator.Build.0 = Debug|Any CPU
		{4A0ED2C1-0D5D-4EE4-ACED-D6D80D224123}.Debug|x64.ActiveCfg = Debug|Any CPU
		{4A0ED2C1-0D5D-4EE4-ACED-D6D80D224123}.Debug|x64.Build.0 = Debug|Any CPU
		{4A0ED2C1-0D5D-4EE4-ACED-D6D80D224123}.Debug|x86.ActiveCfg = Debug|Any CPU
		{4A0ED2C1-0D5D-4EE4-ACED-D6D80D224123}.Debug|x86.Build.0 = Debug|Any CPU
		{4A0ED2C1-0D5D-4EE4-ACED-D6D80D224123}.Release|Any CPU.ActiveCfg = Release|Any CPU
		{4A0ED2C1-0D5D-4EE4-ACED-D6D80D224123}.Release|Any CPU.Build.0 = Release|Any CPU
		{4A0ED2C1-0D5D-4EE4-ACED-D6D80D224123}.Release|ARM.ActiveCfg = Release|Any CPU
		{4A0ED2C1-0D5D-4EE4-ACED-D6D80D224123}.Release|ARM.Build.0 = Release|Any CPU
		{4A0ED2C1-0D5D-4EE4-ACED-D6D80D224123}.Release|iPhone.ActiveCfg = Release|Any CPU
		{4A0ED2C1-0D5D-4EE4-ACED-D6D80D224123}.Release|iPhone.Build.0 = Release|Any CPU
		{4A0ED2C1-0D5D-4EE4-ACED-D6D80D224123}.Release|iPhoneSimulator.ActiveCfg = Release|Any CPU
		{4A0ED2C1-0D5D-4EE4-ACED-D6D80D224123}.Release|iPhoneSimulator.Build.0 = Release|Any CPU
		{4A0ED2C1-0D5D-4EE4-ACED-D6D80D224123}.Release|x64.ActiveCfg = Release|Any CPU
		{4A0ED2C1-0D5D-4EE4-ACED-D6D80D224123}.Release|x64.Build.0 = Release|Any CPU
		{4A0ED2C1-0D5D-4EE4-ACED-D6D80D224123}.Release|x86.ActiveCfg = Release|Any CPU
		{4A0ED2C1-0D5D-4EE4-ACED-D6D80D224123}.Release|x86.Build.0 = Release|Any CPU
		{D8AF4243-4601-44CE-B940-780325B3382F}.Ad-Hoc|Any CPU.ActiveCfg = Release|Any CPU
		{D8AF4243-4601-44CE-B940-780325B3382F}.Ad-Hoc|Any CPU.Build.0 = Release|Any CPU
		{D8AF4243-4601-44CE-B940-780325B3382F}.Ad-Hoc|Any CPU.Deploy.0 = Release|Any CPU
		{D8AF4243-4601-44CE-B940-780325B3382F}.Ad-Hoc|ARM.ActiveCfg = Release|Any CPU
		{D8AF4243-4601-44CE-B940-780325B3382F}.Ad-Hoc|ARM.Build.0 = Release|Any CPU
		{D8AF4243-4601-44CE-B940-780325B3382F}.Ad-Hoc|ARM.Deploy.0 = Release|Any CPU
		{D8AF4243-4601-44CE-B940-780325B3382F}.Ad-Hoc|iPhone.ActiveCfg = Release|Any CPU
		{D8AF4243-4601-44CE-B940-780325B3382F}.Ad-Hoc|iPhone.Build.0 = Release|Any CPU
		{D8AF4243-4601-44CE-B940-780325B3382F}.Ad-Hoc|iPhone.Deploy.0 = Release|Any CPU
		{D8AF4243-4601-44CE-B940-780325B3382F}.Ad-Hoc|iPhoneSimulator.ActiveCfg = Release|Any CPU
		{D8AF4243-4601-44CE-B940-780325B3382F}.Ad-Hoc|iPhoneSimulator.Build.0 = Release|Any CPU
		{D8AF4243-4601-44CE-B940-780325B3382F}.Ad-Hoc|iPhoneSimulator.Deploy.0 = Release|Any CPU
		{D8AF4243-4601-44CE-B940-780325B3382F}.Ad-Hoc|x64.ActiveCfg = Release|Any CPU
		{D8AF4243-4601-44CE-B940-780325B3382F}.Ad-Hoc|x64.Build.0 = Release|Any CPU
		{D8AF4243-4601-44CE-B940-780325B3382F}.Ad-Hoc|x64.Deploy.0 = Release|Any CPU
		{D8AF4243-4601-44CE-B940-780325B3382F}.Ad-Hoc|x86.ActiveCfg = Release|Any CPU
		{D8AF4243-4601-44CE-B940-780325B3382F}.Ad-Hoc|x86.Build.0 = Release|Any CPU
		{D8AF4243-4601-44CE-B940-780325B3382F}.Ad-Hoc|x86.Deploy.0 = Release|Any CPU
		{D8AF4243-4601-44CE-B940-780325B3382F}.AppStore|Any CPU.ActiveCfg = Release|Any CPU
		{D8AF4243-4601-44CE-B940-780325B3382F}.AppStore|Any CPU.Build.0 = Release|Any CPU
		{D8AF4243-4601-44CE-B940-780325B3382F}.AppStore|Any CPU.Deploy.0 = Release|Any CPU
		{D8AF4243-4601-44CE-B940-780325B3382F}.AppStore|ARM.ActiveCfg = Release|Any CPU
		{D8AF4243-4601-44CE-B940-780325B3382F}.AppStore|ARM.Build.0 = Release|Any CPU
		{D8AF4243-4601-44CE-B940-780325B3382F}.AppStore|ARM.Deploy.0 = Release|Any CPU
		{D8AF4243-4601-44CE-B940-780325B3382F}.AppStore|iPhone.ActiveCfg = Release|Any CPU
		{D8AF4243-4601-44CE-B940-780325B3382F}.AppStore|iPhone.Build.0 = Release|Any CPU
		{D8AF4243-4601-44CE-B940-780325B3382F}.AppStore|iPhone.Deploy.0 = Release|Any CPU
		{D8AF4243-4601-44CE-B940-780325B3382F}.AppStore|iPhoneSimulator.ActiveCfg = Release|Any CPU
		{D8AF4243-4601-44CE-B940-780325B3382F}.AppStore|iPhoneSimulator.Build.0 = Release|Any CPU
		{D8AF4243-4601-44CE-B940-780325B3382F}.AppStore|iPhoneSimulator.Deploy.0 = Release|Any CPU
		{D8AF4243-4601-44CE-B940-780325B3382F}.AppStore|x64.ActiveCfg = Release|Any CPU
		{D8AF4243-4601-44CE-B940-780325B3382F}.AppStore|x64.Build.0 = Release|Any CPU
		{D8AF4243-4601-44CE-B940-780325B3382F}.AppStore|x64.Deploy.0 = Release|Any CPU
		{D8AF4243-4601-44CE-B940-780325B3382F}.AppStore|x86.ActiveCfg = Release|Any CPU
		{D8AF4243-4601-44CE-B940-780325B3382F}.AppStore|x86.Build.0 = Release|Any CPU
		{D8AF4243-4601-44CE-B940-780325B3382F}.AppStore|x86.Deploy.0 = Release|Any CPU
		{D8AF4243-4601-44CE-B940-780325B3382F}.Debug|Any CPU.ActiveCfg = Debug|Any CPU
		{D8AF4243-4601-44CE-B940-780325B3382F}.Debug|Any CPU.Build.0 = Debug|Any CPU
		{D8AF4243-4601-44CE-B940-780325B3382F}.Debug|Any CPU.Deploy.0 = Debug|Any CPU
		{D8AF4243-4601-44CE-B940-780325B3382F}.Debug|ARM.ActiveCfg = Debug|Any CPU
		{D8AF4243-4601-44CE-B940-780325B3382F}.Debug|ARM.Build.0 = Debug|Any CPU
		{D8AF4243-4601-44CE-B940-780325B3382F}.Debug|ARM.Deploy.0 = Debug|Any CPU
		{D8AF4243-4601-44CE-B940-780325B3382F}.Debug|iPhone.ActiveCfg = Debug|Any CPU
		{D8AF4243-4601-44CE-B940-780325B3382F}.Debug|iPhone.Build.0 = Debug|Any CPU
		{D8AF4243-4601-44CE-B940-780325B3382F}.Debug|iPhone.Deploy.0 = Debug|Any CPU
		{D8AF4243-4601-44CE-B940-780325B3382F}.Debug|iPhoneSimulator.ActiveCfg = Debug|Any CPU
		{D8AF4243-4601-44CE-B940-780325B3382F}.Debug|iPhoneSimulator.Build.0 = Debug|Any CPU
		{D8AF4243-4601-44CE-B940-780325B3382F}.Debug|iPhoneSimulator.Deploy.0 = Debug|Any CPU
		{D8AF4243-4601-44CE-B940-780325B3382F}.Debug|x64.ActiveCfg = Debug|Any CPU
		{D8AF4243-4601-44CE-B940-780325B3382F}.Debug|x64.Build.0 = Debug|Any CPU
		{D8AF4243-4601-44CE-B940-780325B3382F}.Debug|x64.Deploy.0 = Debug|Any CPU
		{D8AF4243-4601-44CE-B940-780325B3382F}.Debug|x86.ActiveCfg = Debug|Any CPU
		{D8AF4243-4601-44CE-B940-780325B3382F}.Debug|x86.Build.0 = Debug|Any CPU
		{D8AF4243-4601-44CE-B940-780325B3382F}.Debug|x86.Deploy.0 = Debug|Any CPU
		{D8AF4243-4601-44CE-B940-780325B3382F}.Release|Any CPU.ActiveCfg = Release|Any CPU
		{D8AF4243-4601-44CE-B940-780325B3382F}.Release|Any CPU.Build.0 = Release|Any CPU
		{D8AF4243-4601-44CE-B940-780325B3382F}.Release|Any CPU.Deploy.0 = Release|Any CPU
		{D8AF4243-4601-44CE-B940-780325B3382F}.Release|ARM.ActiveCfg = Release|Any CPU
		{D8AF4243-4601-44CE-B940-780325B3382F}.Release|ARM.Build.0 = Release|Any CPU
		{D8AF4243-4601-44CE-B940-780325B3382F}.Release|ARM.Deploy.0 = Release|Any CPU
		{D8AF4243-4601-44CE-B940-780325B3382F}.Release|iPhone.ActiveCfg = Release|Any CPU
		{D8AF4243-4601-44CE-B940-780325B3382F}.Release|iPhone.Build.0 = Release|Any CPU
		{D8AF4243-4601-44CE-B940-780325B3382F}.Release|iPhone.Deploy.0 = Release|Any CPU
		{D8AF4243-4601-44CE-B940-780325B3382F}.Release|iPhoneSimulator.ActiveCfg = Release|Any CPU
		{D8AF4243-4601-44CE-B940-780325B3382F}.Release|iPhoneSimulator.Build.0 = Release|Any CPU
		{D8AF4243-4601-44CE-B940-780325B3382F}.Release|iPhoneSimulator.Deploy.0 = Release|Any CPU
		{D8AF4243-4601-44CE-B940-780325B3382F}.Release|x64.ActiveCfg = Release|Any CPU
		{D8AF4243-4601-44CE-B940-780325B3382F}.Release|x64.Build.0 = Release|Any CPU
		{D8AF4243-4601-44CE-B940-780325B3382F}.Release|x64.Deploy.0 = Release|Any CPU
		{D8AF4243-4601-44CE-B940-780325B3382F}.Release|x86.ActiveCfg = Release|Any CPU
		{D8AF4243-4601-44CE-B940-780325B3382F}.Release|x86.Build.0 = Release|Any CPU
		{D8AF4243-4601-44CE-B940-780325B3382F}.Release|x86.Deploy.0 = Release|Any CPU
		{9ED90771-145E-41D8-AADA-981B24F2848F}.Ad-Hoc|Any CPU.ActiveCfg = Ad-Hoc|iPhone
		{9ED90771-145E-41D8-AADA-981B24F2848F}.Ad-Hoc|ARM.ActiveCfg = Ad-Hoc|iPhone
		{9ED90771-145E-41D8-AADA-981B24F2848F}.Ad-Hoc|iPhone.ActiveCfg = Ad-Hoc|iPhone
		{9ED90771-145E-41D8-AADA-981B24F2848F}.Ad-Hoc|iPhone.Build.0 = Ad-Hoc|iPhone
		{9ED90771-145E-41D8-AADA-981B24F2848F}.Ad-Hoc|iPhoneSimulator.ActiveCfg = Ad-Hoc|iPhoneSimulator
		{9ED90771-145E-41D8-AADA-981B24F2848F}.Ad-Hoc|iPhoneSimulator.Build.0 = Ad-Hoc|iPhoneSimulator
		{9ED90771-145E-41D8-AADA-981B24F2848F}.Ad-Hoc|x64.ActiveCfg = Ad-Hoc|iPhone
		{9ED90771-145E-41D8-AADA-981B24F2848F}.Ad-Hoc|x86.ActiveCfg = Ad-Hoc|iPhone
		{9ED90771-145E-41D8-AADA-981B24F2848F}.AppStore|Any CPU.ActiveCfg = AppStore|iPhone
		{9ED90771-145E-41D8-AADA-981B24F2848F}.AppStore|ARM.ActiveCfg = AppStore|iPhone
		{9ED90771-145E-41D8-AADA-981B24F2848F}.AppStore|iPhone.ActiveCfg = AppStore|iPhone
		{9ED90771-145E-41D8-AADA-981B24F2848F}.AppStore|iPhone.Build.0 = AppStore|iPhone
		{9ED90771-145E-41D8-AADA-981B24F2848F}.AppStore|iPhoneSimulator.ActiveCfg = AppStore|iPhoneSimulator
		{9ED90771-145E-41D8-AADA-981B24F2848F}.AppStore|iPhoneSimulator.Build.0 = AppStore|iPhoneSimulator
		{9ED90771-145E-41D8-AADA-981B24F2848F}.AppStore|x64.ActiveCfg = AppStore|iPhone
		{9ED90771-145E-41D8-AADA-981B24F2848F}.AppStore|x86.ActiveCfg = AppStore|iPhone
		{9ED90771-145E-41D8-AADA-981B24F2848F}.Debug|Any CPU.ActiveCfg = Debug|iPhone
		{9ED90771-145E-41D8-AADA-981B24F2848F}.Debug|ARM.ActiveCfg = Debug|iPhone
		{9ED90771-145E-41D8-AADA-981B24F2848F}.Debug|iPhone.ActiveCfg = Debug|iPhone
		{9ED90771-145E-41D8-AADA-981B24F2848F}.Debug|iPhone.Build.0 = Debug|iPhone
		{9ED90771-145E-41D8-AADA-981B24F2848F}.Debug|iPhoneSimulator.ActiveCfg = Debug|iPhoneSimulator
		{9ED90771-145E-41D8-AADA-981B24F2848F}.Debug|iPhoneSimulator.Build.0 = Debug|iPhoneSimulator
		{9ED90771-145E-41D8-AADA-981B24F2848F}.Debug|x64.ActiveCfg = Debug|iPhone
		{9ED90771-145E-41D8-AADA-981B24F2848F}.Debug|x86.ActiveCfg = Debug|iPhone
		{9ED90771-145E-41D8-AADA-981B24F2848F}.Release|Any CPU.ActiveCfg = Release|iPhone
		{9ED90771-145E-41D8-AADA-981B24F2848F}.Release|ARM.ActiveCfg = Release|iPhone
		{9ED90771-145E-41D8-AADA-981B24F2848F}.Release|iPhone.ActiveCfg = Release|iPhone
		{9ED90771-145E-41D8-AADA-981B24F2848F}.Release|iPhone.Build.0 = Release|iPhone
		{9ED90771-145E-41D8-AADA-981B24F2848F}.Release|iPhoneSimulator.ActiveCfg = Release|iPhoneSimulator
		{9ED90771-145E-41D8-AADA-981B24F2848F}.Release|iPhoneSimulator.Build.0 = Release|iPhoneSimulator
		{9ED90771-145E-41D8-AADA-981B24F2848F}.Release|x64.ActiveCfg = Release|iPhone
		{9ED90771-145E-41D8-AADA-981B24F2848F}.Release|x86.ActiveCfg = Release|iPhone
		{5828A88F-F374-423C-8E53-53FFCEA2EA99}.Ad-Hoc|Any CPU.ActiveCfg = Release|Any CPU
		{5828A88F-F374-423C-8E53-53FFCEA2EA99}.Ad-Hoc|Any CPU.Build.0 = Release|Any CPU
		{5828A88F-F374-423C-8E53-53FFCEA2EA99}.Ad-Hoc|Any CPU.Deploy.0 = Release|Any CPU
		{5828A88F-F374-423C-8E53-53FFCEA2EA99}.Ad-Hoc|ARM.ActiveCfg = Release|ARM
		{5828A88F-F374-423C-8E53-53FFCEA2EA99}.Ad-Hoc|ARM.Build.0 = Release|ARM
		{5828A88F-F374-423C-8E53-53FFCEA2EA99}.Ad-Hoc|ARM.Deploy.0 = Release|ARM
		{5828A88F-F374-423C-8E53-53FFCEA2EA99}.Ad-Hoc|iPhone.ActiveCfg = Release|Any CPU
		{5828A88F-F374-423C-8E53-53FFCEA2EA99}.Ad-Hoc|iPhone.Build.0 = Release|Any CPU
		{5828A88F-F374-423C-8E53-53FFCEA2EA99}.Ad-Hoc|iPhone.Deploy.0 = Release|Any CPU
		{5828A88F-F374-423C-8E53-53FFCEA2EA99}.Ad-Hoc|iPhoneSimulator.ActiveCfg = Release|Any CPU
		{5828A88F-F374-423C-8E53-53FFCEA2EA99}.Ad-Hoc|iPhoneSimulator.Build.0 = Release|Any CPU
		{5828A88F-F374-423C-8E53-53FFCEA2EA99}.Ad-Hoc|iPhoneSimulator.Deploy.0 = Release|Any CPU
		{5828A88F-F374-423C-8E53-53FFCEA2EA99}.Ad-Hoc|x64.ActiveCfg = Release|Any CPU
		{5828A88F-F374-423C-8E53-53FFCEA2EA99}.Ad-Hoc|x64.Build.0 = Release|Any CPU
		{5828A88F-F374-423C-8E53-53FFCEA2EA99}.Ad-Hoc|x64.Deploy.0 = Release|Any CPU
		{5828A88F-F374-423C-8E53-53FFCEA2EA99}.Ad-Hoc|x86.ActiveCfg = Release|x86
		{5828A88F-F374-423C-8E53-53FFCEA2EA99}.Ad-Hoc|x86.Build.0 = Release|x86
		{5828A88F-F374-423C-8E53-53FFCEA2EA99}.Ad-Hoc|x86.Deploy.0 = Release|x86
		{5828A88F-F374-423C-8E53-53FFCEA2EA99}.AppStore|Any CPU.ActiveCfg = Release|Any CPU
		{5828A88F-F374-423C-8E53-53FFCEA2EA99}.AppStore|Any CPU.Build.0 = Release|Any CPU
		{5828A88F-F374-423C-8E53-53FFCEA2EA99}.AppStore|Any CPU.Deploy.0 = Release|Any CPU
		{5828A88F-F374-423C-8E53-53FFCEA2EA99}.AppStore|ARM.ActiveCfg = Release|ARM
		{5828A88F-F374-423C-8E53-53FFCEA2EA99}.AppStore|ARM.Build.0 = Release|ARM
		{5828A88F-F374-423C-8E53-53FFCEA2EA99}.AppStore|ARM.Deploy.0 = Release|ARM
		{5828A88F-F374-423C-8E53-53FFCEA2EA99}.AppStore|iPhone.ActiveCfg = Release|Any CPU
		{5828A88F-F374-423C-8E53-53FFCEA2EA99}.AppStore|iPhone.Build.0 = Release|Any CPU
		{5828A88F-F374-423C-8E53-53FFCEA2EA99}.AppStore|iPhone.Deploy.0 = Release|Any CPU
		{5828A88F-F374-423C-8E53-53FFCEA2EA99}.AppStore|iPhoneSimulator.ActiveCfg = Release|Any CPU
		{5828A88F-F374-423C-8E53-53FFCEA2EA99}.AppStore|iPhoneSimulator.Build.0 = Release|Any CPU
		{5828A88F-F374-423C-8E53-53FFCEA2EA99}.AppStore|iPhoneSimulator.Deploy.0 = Release|Any CPU
		{5828A88F-F374-423C-8E53-53FFCEA2EA99}.AppStore|x64.ActiveCfg = Release|Any CPU
		{5828A88F-F374-423C-8E53-53FFCEA2EA99}.AppStore|x64.Build.0 = Release|Any CPU
		{5828A88F-F374-423C-8E53-53FFCEA2EA99}.AppStore|x64.Deploy.0 = Release|Any CPU
		{5828A88F-F374-423C-8E53-53FFCEA2EA99}.AppStore|x86.ActiveCfg = Release|x86
		{5828A88F-F374-423C-8E53-53FFCEA2EA99}.AppStore|x86.Build.0 = Release|x86
		{5828A88F-F374-423C-8E53-53FFCEA2EA99}.AppStore|x86.Deploy.0 = Release|x86
		{5828A88F-F374-423C-8E53-53FFCEA2EA99}.Debug|Any CPU.ActiveCfg = Debug|Any CPU
		{5828A88F-F374-423C-8E53-53FFCEA2EA99}.Debug|Any CPU.Build.0 = Debug|Any CPU
		{5828A88F-F374-423C-8E53-53FFCEA2EA99}.Debug|Any CPU.Deploy.0 = Debug|Any CPU
		{5828A88F-F374-423C-8E53-53FFCEA2EA99}.Debug|ARM.ActiveCfg = Debug|ARM
		{5828A88F-F374-423C-8E53-53FFCEA2EA99}.Debug|ARM.Build.0 = Debug|ARM
		{5828A88F-F374-423C-8E53-53FFCEA2EA99}.Debug|ARM.Deploy.0 = Debug|ARM
		{5828A88F-F374-423C-8E53-53FFCEA2EA99}.Debug|iPhone.ActiveCfg = Debug|Any CPU
		{5828A88F-F374-423C-8E53-53FFCEA2EA99}.Debug|iPhone.Build.0 = Debug|Any CPU
		{5828A88F-F374-423C-8E53-53FFCEA2EA99}.Debug|iPhone.Deploy.0 = Debug|Any CPU
		{5828A88F-F374-423C-8E53-53FFCEA2EA99}.Debug|iPhoneSimulator.ActiveCfg = Debug|Any CPU
		{5828A88F-F374-423C-8E53-53FFCEA2EA99}.Debug|iPhoneSimulator.Build.0 = Debug|Any CPU
		{5828A88F-F374-423C-8E53-53FFCEA2EA99}.Debug|iPhoneSimulator.Deploy.0 = Debug|Any CPU
		{5828A88F-F374-423C-8E53-53FFCEA2EA99}.Debug|x64.ActiveCfg = Debug|Any CPU
		{5828A88F-F374-423C-8E53-53FFCEA2EA99}.Debug|x64.Build.0 = Debug|Any CPU
		{5828A88F-F374-423C-8E53-53FFCEA2EA99}.Debug|x64.Deploy.0 = Debug|Any CPU
		{5828A88F-F374-423C-8E53-53FFCEA2EA99}.Debug|x86.ActiveCfg = Debug|x86
		{5828A88F-F374-423C-8E53-53FFCEA2EA99}.Debug|x86.Build.0 = Debug|x86
		{5828A88F-F374-423C-8E53-53FFCEA2EA99}.Debug|x86.Deploy.0 = Debug|x86
		{5828A88F-F374-423C-8E53-53FFCEA2EA99}.Release|Any CPU.ActiveCfg = Release|Any CPU
		{5828A88F-F374-423C-8E53-53FFCEA2EA99}.Release|Any CPU.Build.0 = Release|Any CPU
		{5828A88F-F374-423C-8E53-53FFCEA2EA99}.Release|Any CPU.Deploy.0 = Release|Any CPU
		{5828A88F-F374-423C-8E53-53FFCEA2EA99}.Release|ARM.ActiveCfg = Release|ARM
		{5828A88F-F374-423C-8E53-53FFCEA2EA99}.Release|ARM.Build.0 = Release|ARM
		{5828A88F-F374-423C-8E53-53FFCEA2EA99}.Release|ARM.Deploy.0 = Release|ARM
		{5828A88F-F374-423C-8E53-53FFCEA2EA99}.Release|iPhone.ActiveCfg = Release|Any CPU
		{5828A88F-F374-423C-8E53-53FFCEA2EA99}.Release|iPhone.Build.0 = Release|Any CPU
		{5828A88F-F374-423C-8E53-53FFCEA2EA99}.Release|iPhone.Deploy.0 = Release|Any CPU
		{5828A88F-F374-423C-8E53-53FFCEA2EA99}.Release|iPhoneSimulator.ActiveCfg = Release|Any CPU
		{5828A88F-F374-423C-8E53-53FFCEA2EA99}.Release|iPhoneSimulator.Build.0 = Release|Any CPU
		{5828A88F-F374-423C-8E53-53FFCEA2EA99}.Release|iPhoneSimulator.Deploy.0 = Release|Any CPU
		{5828A88F-F374-423C-8E53-53FFCEA2EA99}.Release|x64.ActiveCfg = Release|Any CPU
		{5828A88F-F374-423C-8E53-53FFCEA2EA99}.Release|x64.Build.0 = Release|Any CPU
		{5828A88F-F374-423C-8E53-53FFCEA2EA99}.Release|x64.Deploy.0 = Release|Any CPU
		{5828A88F-F374-423C-8E53-53FFCEA2EA99}.Release|x86.ActiveCfg = Release|x86
		{5828A88F-F374-423C-8E53-53FFCEA2EA99}.Release|x86.Build.0 = Release|x86
		{5828A88F-F374-423C-8E53-53FFCEA2EA99}.Release|x86.Deploy.0 = Release|x86
		{8355B1D6-4C93-461A-B356-D6D6379338A0}.Ad-Hoc|Any CPU.ActiveCfg = Release|Any CPU
		{8355B1D6-4C93-461A-B356-D6D6379338A0}.Ad-Hoc|Any CPU.Build.0 = Release|Any CPU
		{8355B1D6-4C93-461A-B356-D6D6379338A0}.Ad-Hoc|Any CPU.Deploy.0 = Release|Any CPU
		{8355B1D6-4C93-461A-B356-D6D6379338A0}.Ad-Hoc|ARM.ActiveCfg = Release|ARM
		{8355B1D6-4C93-461A-B356-D6D6379338A0}.Ad-Hoc|ARM.Build.0 = Release|ARM
		{8355B1D6-4C93-461A-B356-D6D6379338A0}.Ad-Hoc|ARM.Deploy.0 = Release|ARM
		{8355B1D6-4C93-461A-B356-D6D6379338A0}.Ad-Hoc|iPhone.ActiveCfg = Release|Any CPU
		{8355B1D6-4C93-461A-B356-D6D6379338A0}.Ad-Hoc|iPhone.Build.0 = Release|Any CPU
		{8355B1D6-4C93-461A-B356-D6D6379338A0}.Ad-Hoc|iPhone.Deploy.0 = Release|Any CPU
		{8355B1D6-4C93-461A-B356-D6D6379338A0}.Ad-Hoc|iPhoneSimulator.ActiveCfg = Release|Any CPU
		{8355B1D6-4C93-461A-B356-D6D6379338A0}.Ad-Hoc|iPhoneSimulator.Build.0 = Release|Any CPU
		{8355B1D6-4C93-461A-B356-D6D6379338A0}.Ad-Hoc|iPhoneSimulator.Deploy.0 = Release|Any CPU
		{8355B1D6-4C93-461A-B356-D6D6379338A0}.Ad-Hoc|x64.ActiveCfg = Release|x64
		{8355B1D6-4C93-461A-B356-D6D6379338A0}.Ad-Hoc|x64.Build.0 = Release|x64
		{8355B1D6-4C93-461A-B356-D6D6379338A0}.Ad-Hoc|x64.Deploy.0 = Release|x64
		{8355B1D6-4C93-461A-B356-D6D6379338A0}.Ad-Hoc|x86.ActiveCfg = Release|x86
		{8355B1D6-4C93-461A-B356-D6D6379338A0}.Ad-Hoc|x86.Build.0 = Release|x86
		{8355B1D6-4C93-461A-B356-D6D6379338A0}.Ad-Hoc|x86.Deploy.0 = Release|x86
		{8355B1D6-4C93-461A-B356-D6D6379338A0}.AppStore|Any CPU.ActiveCfg = Release|Any CPU
		{8355B1D6-4C93-461A-B356-D6D6379338A0}.AppStore|Any CPU.Build.0 = Release|Any CPU
		{8355B1D6-4C93-461A-B356-D6D6379338A0}.AppStore|Any CPU.Deploy.0 = Release|Any CPU
		{8355B1D6-4C93-461A-B356-D6D6379338A0}.AppStore|ARM.ActiveCfg = Release|ARM
		{8355B1D6-4C93-461A-B356-D6D6379338A0}.AppStore|ARM.Build.0 = Release|ARM
		{8355B1D6-4C93-461A-B356-D6D6379338A0}.AppStore|ARM.Deploy.0 = Release|ARM
		{8355B1D6-4C93-461A-B356-D6D6379338A0}.AppStore|iPhone.ActiveCfg = Release|Any CPU
		{8355B1D6-4C93-461A-B356-D6D6379338A0}.AppStore|iPhone.Build.0 = Release|Any CPU
		{8355B1D6-4C93-461A-B356-D6D6379338A0}.AppStore|iPhone.Deploy.0 = Release|Any CPU
		{8355B1D6-4C93-461A-B356-D6D6379338A0}.AppStore|iPhoneSimulator.ActiveCfg = Release|Any CPU
		{8355B1D6-4C93-461A-B356-D6D6379338A0}.AppStore|iPhoneSimulator.Build.0 = Release|Any CPU
		{8355B1D6-4C93-461A-B356-D6D6379338A0}.AppStore|iPhoneSimulator.Deploy.0 = Release|Any CPU
		{8355B1D6-4C93-461A-B356-D6D6379338A0}.AppStore|x64.ActiveCfg = Release|x64
		{8355B1D6-4C93-461A-B356-D6D6379338A0}.AppStore|x64.Build.0 = Release|x64
		{8355B1D6-4C93-461A-B356-D6D6379338A0}.AppStore|x64.Deploy.0 = Release|x64
		{8355B1D6-4C93-461A-B356-D6D6379338A0}.AppStore|x86.ActiveCfg = Release|x86
		{8355B1D6-4C93-461A-B356-D6D6379338A0}.AppStore|x86.Build.0 = Release|x86
		{8355B1D6-4C93-461A-B356-D6D6379338A0}.AppStore|x86.Deploy.0 = Release|x86
		{8355B1D6-4C93-461A-B356-D6D6379338A0}.Debug|Any CPU.ActiveCfg = Debug|Any CPU
		{8355B1D6-4C93-461A-B356-D6D6379338A0}.Debug|Any CPU.Build.0 = Debug|Any CPU
		{8355B1D6-4C93-461A-B356-D6D6379338A0}.Debug|Any CPU.Deploy.0 = Debug|Any CPU
		{8355B1D6-4C93-461A-B356-D6D6379338A0}.Debug|ARM.ActiveCfg = Debug|ARM
		{8355B1D6-4C93-461A-B356-D6D6379338A0}.Debug|ARM.Build.0 = Debug|ARM
		{8355B1D6-4C93-461A-B356-D6D6379338A0}.Debug|ARM.Deploy.0 = Debug|ARM
		{8355B1D6-4C93-461A-B356-D6D6379338A0}.Debug|iPhone.ActiveCfg = Debug|Any CPU
		{8355B1D6-4C93-461A-B356-D6D6379338A0}.Debug|iPhone.Build.0 = Debug|Any CPU
		{8355B1D6-4C93-461A-B356-D6D6379338A0}.Debug|iPhone.Deploy.0 = Debug|Any CPU
		{8355B1D6-4C93-461A-B356-D6D6379338A0}.Debug|iPhoneSimulator.ActiveCfg = Debug|Any CPU
		{8355B1D6-4C93-461A-B356-D6D6379338A0}.Debug|iPhoneSimulator.Build.0 = Debug|Any CPU
		{8355B1D6-4C93-461A-B356-D6D6379338A0}.Debug|iPhoneSimulator.Deploy.0 = Debug|Any CPU
		{8355B1D6-4C93-461A-B356-D6D6379338A0}.Debug|x64.ActiveCfg = Debug|x64
		{8355B1D6-4C93-461A-B356-D6D6379338A0}.Debug|x64.Build.0 = Debug|x64
		{8355B1D6-4C93-461A-B356-D6D6379338A0}.Debug|x64.Deploy.0 = Debug|x64
		{8355B1D6-4C93-461A-B356-D6D6379338A0}.Debug|x86.ActiveCfg = Debug|x86
		{8355B1D6-4C93-461A-B356-D6D6379338A0}.Debug|x86.Build.0 = Debug|x86
		{8355B1D6-4C93-461A-B356-D6D6379338A0}.Debug|x86.Deploy.0 = Debug|x86
		{8355B1D6-4C93-461A-B356-D6D6379338A0}.Release|Any CPU.ActiveCfg = Release|Any CPU
		{8355B1D6-4C93-461A-B356-D6D6379338A0}.Release|Any CPU.Build.0 = Release|Any CPU
		{8355B1D6-4C93-461A-B356-D6D6379338A0}.Release|Any CPU.Deploy.0 = Release|Any CPU
		{8355B1D6-4C93-461A-B356-D6D6379338A0}.Release|ARM.ActiveCfg = Release|ARM
		{8355B1D6-4C93-461A-B356-D6D6379338A0}.Release|ARM.Build.0 = Release|ARM
		{8355B1D6-4C93-461A-B356-D6D6379338A0}.Release|ARM.Deploy.0 = Release|ARM
		{8355B1D6-4C93-461A-B356-D6D6379338A0}.Release|iPhone.ActiveCfg = Release|Any CPU
		{8355B1D6-4C93-461A-B356-D6D6379338A0}.Release|iPhone.Build.0 = Release|Any CPU
		{8355B1D6-4C93-461A-B356-D6D6379338A0}.Release|iPhone.Deploy.0 = Release|Any CPU
		{8355B1D6-4C93-461A-B356-D6D6379338A0}.Release|iPhoneSimulator.ActiveCfg = Release|Any CPU
		{8355B1D6-4C93-461A-B356-D6D6379338A0}.Release|iPhoneSimulator.Build.0 = Release|Any CPU
		{8355B1D6-4C93-461A-B356-D6D6379338A0}.Release|iPhoneSimulator.Deploy.0 = Release|Any CPU
		{8355B1D6-4C93-461A-B356-D6D6379338A0}.Release|x64.ActiveCfg = Release|x64
		{8355B1D6-4C93-461A-B356-D6D6379338A0}.Release|x64.Build.0 = Release|x64
		{8355B1D6-4C93-461A-B356-D6D6379338A0}.Release|x64.Deploy.0 = Release|x64
		{8355B1D6-4C93-461A-B356-D6D6379338A0}.Release|x86.ActiveCfg = Release|x86
		{8355B1D6-4C93-461A-B356-D6D6379338A0}.Release|x86.Build.0 = Release|x86
		{8355B1D6-4C93-461A-B356-D6D6379338A0}.Release|x86.Deploy.0 = Release|x86
	EndGlobalSection
	GlobalSection(SolutionProperties) = preSolution
		HideSolutionNode = FALSE
	EndGlobalSection
	GlobalSection(NestedProjects) = preSolution
		{4A0ED2C1-0D5D-4EE4-ACED-D6D80D224123} = {C9BB4B8D-D2CC-469C-848F-74F9A9988D7A}
		{D8AF4243-4601-44CE-B940-780325B3382F} = {C9BB4B8D-D2CC-469C-848F-74F9A9988D7A}
		{9ED90771-145E-41D8-AADA-981B24F2848F} = {C9BB4B8D-D2CC-469C-848F-74F9A9988D7A}
		{5828A88F-F374-423C-8E53-53FFCEA2EA99} = {C9BB4B8D-D2CC-469C-848F-74F9A9988D7A}
		{8355B1D6-4C93-461A-B356-D6D6379338A0} = {C9BB4B8D-D2CC-469C-848F-74F9A9988D7A}
	EndGlobalSection
EndGlobal
